<?xml version="1.0" encoding="utf-8"?>
<Project ToolsVersion="4.0" xmlns="http://schemas.microsoft.com/developer/msbuild/2003">
  <ItemGroup>
    <Filter Include="Source Files">
      <UniqueIdentifier>{4FC737F1-C7A5-4376-A066-2A32D752A2FF}</UniqueIdentifier>
      <Extensions>cpp;c;cc;cxx;c++;cppm;ixx;def;odl;idl;hpj;bat;asm;asmx</Extensions>
    </Filter>
    <Filter Include="Header Files">
      <UniqueIdentifier>{93995380-89BD-4b04-88EB-625FBE52EBFB}</UniqueIdentifier>
      <Extensions>h;hh;hpp;hxx;h++;hm;inl;inc;ipp;xsd</Extensions>
    </Filter>
    <Filter Include="Resource Files">
      <UniqueIdentifier>{67DA6AB6-F800-4c08-8B7A-83BB121AAD01}</UniqueIdentifier>
      <Extensions>rc;ico;cur;bmp;dlg;rc2;rct;bin;rgs;gif;jpg;jpeg;jpe;resx;tiff;tif;png;wav;mfcribbon-ms</Extensions>
    </Filter>
  </ItemGroup>
  <ItemGroup>
    <ClInclude Include="aa.h">
      <Filter>Header Files</Filter>
    </ClInclude>
    <ClInclude Include="abs.h">
      <Filter>Header Files</Filter>
    </ClInclude>
    <ClInclude Include="align.h">
      <Filter>Header Files</Filter>
    </ClInclude>
    <ClInclude Include="cdn.h">
      <Filter>Header Files</Filter>
    </ClInclude>
    <ClInclude Include="defines.h">
      <Filter>Header Files</Filter>
    </ClInclude>
    <ClInclude Include="dna.h">
      <Filter>Header Files</Filter>
    </ClInclude>
    <ClInclude Include="help.h">
      <Filter>Header Files</Filter>
    </ClInclude>
    <ClInclude Include="io.h">
      <Filter>Header Files</Filter>
    </ClInclude>
    <ClInclude Include="mainfunctions.h">
      <Filter>Header Files</Filter>
    </ClInclude>
    <ClInclude Include="parallelism.h">
      <Filter>Header Files</Filter>
    </ClInclude>
    <ClInclude Include="params.h">
      <Filter>Header Files</Filter>
    </ClInclude>
    <ClInclude Include="simdalloc.h">
      <Filter>Header Files</Filter>
    </ClInclude>
    <ClInclude Include="umi.h">
      <Filter>Header Files</Filter>
    </ClInclude>
    <ClInclude Include="local-getopt.h">
      <Filter>Header Files</Filter>
    </ClInclude>
    <ClInclude Include="tests.h">
      <Filter>Header Files</Filter>
    </ClInclude>
    <ClInclude Include="polymer.h">
      <Filter>Header Files</Filter>
    </ClInclude>
  </ItemGroup>
  <ItemGroup>
    <ClCompile Include="aa.cc">
      <Filter>Source Files</Filter>
    </ClCompile>
    <ClCompile Include="abs.cc">
      <Filter>Source Files</Filter>
    </ClCompile>
    <ClCompile Include="align.cc">
      <Filter>Source Files</Filter>
    </ClCompile>
    <ClCompile Include="cdn.cc">
      <Filter>Source Files</Filter>
    </ClCompile>
    <ClCompile Include="dna.cc">
      <Filter>Source Files</Filter>
    </ClCompile>
    <ClCompile Include="help.cc">
      <Filter>Source Files</Filter>
    </ClCompile>
    <ClCompile Include="io.cc">
      <Filter>Source Files</Filter>
    </ClCompile>
    <ClCompile Include="main.cc">
      <Filter>Source Files</Filter>
    </ClCompile>
    <ClCompile Include="mainfunctions.cc">
      <Filter>Source Files</Filter>
    </ClCompile>
    <ClCompile Include="params.cc">
      <Filter>Source Files</Filter>
    </ClCompile>
    <ClCompile Include="polymer.cc">
      <Filter>Source Files</Filter>
    </ClCompile>
    <ClCompile Include="umi.cc">
      <Filter>Source Files</Filter>
    </ClCompile>
    <ClCompile Include="tests.cc">
      <Filter>Source Files</Filter>
    </ClCompile>
  </ItemGroup>
  <ItemGroup>
    <None Include="Doxyfile">
      <Filter>Resource Files</Filter>
    </None>
    <None Include="makefile">
      <Filter>Resource Files</Filter>
    </None>
    <None Include="installers\dsa-win64.msi" />
    <None Include="example\dsa-command-linux.sh" />
    <None Include="example\dsa-command-windows.ps1" />
    <None Include="example\S16R1.zip" />
    <None Include="example\S16R2.zip" />
    <None Include="installers\dsa-0.4.0.deb" />
  </ItemGroup>
  <ItemGroup>
    <Text Include="README.md">
      <Filter>Resource Files</Filter>
    </Text>
  </ItemGroup>
</Project>